
Microsoft Visual Studio Solution File, Format Version 10.00
# Visual Studio 2008
Project("{FAE04EC0-301F-11D3-BF4B-00C04F79EFBC}") = "RockPaperScissorsPro.Bot", "RockPaperScissorsPro.Bot.csproj", "{D670919E-EEB1-423F-B531-85C9C89A03FB}"
EndProject
Global
	GlobalSection(SolutionConfigurationPlatforms) = preSolution
		Debug|Any CPU = Debug|Any CPU
		Release|Any CPU = Release|Any CPU
	EndGlobalSection
	GlobalSection(ProjectConfigurationPlatforms) = postSolution
		{D670919E-EEB1-423F-B531-85C9C89A03FB}.Debug|Any CPU.ActiveCfg = Debug|Any CPU
		{D670919E-EEB1-423F-B531-85C9C89A03FB}.Debug|Any CPU.Build.0 = Debug|Any CPU
		{D670919E-EEB1-423F-B531-85C9C89A03FB}.Release|Any CPU.ActiveCfg = Release|Any CPU
		{D670919E-EEB1-423F-B531-85C9C89A03FB}.Release|Any CPU.Build.0 = Release|Any CPU
	EndGlobalSection
	GlobalSection(SolutionProperties) = preSolution
		HideSolutionNode = FALSE
	EndGlobalSection
EndGlobal
