
Microsoft Visual Studio Solution File, Format Version 10.00
# Visual Studio 2008
Project("{FAE04EC0-301F-11D3-BF4B-00C04F79EFBC}") = "RockPaperScissorsPro", "RockPaperScissorsPro\RockPaperScissorsPro.csproj", "{146770EE-181F-4C9F-951A-FB7F608B0505}"
EndProject
Project("{FAE04EC0-301F-11D3-BF4B-00C04F79EFBC}") = "RockPaperScissorsPro.Specs", "RockPaperScissorsPro.Specs\RockPaperScissorsPro.Specs.csproj", "{500A1C5F-353C-4F79-B276-4B9515BC334C}"
EndProject
Project("{FAE04EC0-301F-11D3-BF4B-00C04F79EFBC}") = "RockPaperScissorsPro.Wrapper", "RockPaperScissorsPro.Wrapper\RockPaperScissorsPro.Wrapper.csproj", "{5E4C63FB-EBCA-466E-BCBE-87CAA965871E}"
EndProject
Global
	GlobalSection(SolutionConfigurationPlatforms) = preSolution
		Debug|Any CPU = Debug|Any CPU
		Release|Any CPU = Release|Any CPU
	EndGlobalSection
	GlobalSection(ProjectConfigurationPlatforms) = postSolution
		{146770EE-181F-4C9F-951A-FB7F608B0505}.Debug|Any CPU.ActiveCfg = Debug|Any CPU
		{146770EE-181F-4C9F-951A-FB7F608B0505}.Debug|Any CPU.Build.0 = Debug|Any CPU
		{146770EE-181F-4C9F-951A-FB7F608B0505}.Release|Any CPU.ActiveCfg = Release|Any CPU
		{146770EE-181F-4C9F-951A-FB7F608B0505}.Release|Any CPU.Build.0 = Release|Any CPU
		{500A1C5F-353C-4F79-B276-4B9515BC334C}.Debug|Any CPU.ActiveCfg = Debug|Any CPU
		{500A1C5F-353C-4F79-B276-4B9515BC334C}.Debug|Any CPU.Build.0 = Debug|Any CPU
		{500A1C5F-353C-4F79-B276-4B9515BC334C}.Release|Any CPU.ActiveCfg = Release|Any CPU
		{500A1C5F-353C-4F79-B276-4B9515BC334C}.Release|Any CPU.Build.0 = Release|Any CPU
		{5E4C63FB-EBCA-466E-BCBE-87CAA965871E}.Debug|Any CPU.ActiveCfg = Debug|Any CPU
		{5E4C63FB-EBCA-466E-BCBE-87CAA965871E}.Debug|Any CPU.Build.0 = Debug|Any CPU
		{5E4C63FB-EBCA-466E-BCBE-87CAA965871E}.Release|Any CPU.ActiveCfg = Release|Any CPU
		{5E4C63FB-EBCA-466E-BCBE-87CAA965871E}.Release|Any CPU.Build.0 = Release|Any CPU
	EndGlobalSection
	GlobalSection(SolutionProperties) = preSolution
		HideSolutionNode = FALSE
	EndGlobalSection
EndGlobal
